// !$*UTF8*$!
{
	archiveVersion = 1;
	classes = {
	};
	objectVersion = 39;
	objects = {
		1F1F57FA083395A000D3275A = {
			fileEncoding = 4;
			isa = PBXFileReference;
			lastKnownFileType = sourcecode.c.h;
			path = MPWMethodHeader.h;
			refType = 4;
			sourceTree = "<group>";
		};
		1F1F57FB083395A000D3275A = {
			fileEncoding = 4;
			isa = PBXFileReference;
			lastKnownFileType = sourcecode.c.objc;
			path = MPWMethodHeader.m;
			refType = 4;
			sourceTree = "<group>";
		};
		1F1F57FC083395A000D3275A = {
			fileRef = 1F1F57FA083395A000D3275A;
			isa = PBXBuildFile;
			settings = {
				ATTRIBUTES = (
					Public,
				);
			};
		};
		1F1F57FD083395A000D3275A = {
			fileRef = 1F1F57FB083395A000D3275A;
			isa = PBXBuildFile;
			settings = {
			};
		};
		1F45D541075D37A200D924C3 = {
			fileEncoding = 30;
			isa = PBXFileReference;
			lastKnownFileType = sourcecode.c.h;
			path = MPWEvaluator.h;
			refType = 2;
			sourceTree = SOURCE_ROOT;
		};
		1F45D542075D37A200D924C3 = {
			fileEncoding = 30;
			isa = PBXFileReference;
			lastKnownFileType = sourcecode.c.objc;
			path = MPWEvaluator.m;
			refType = 2;
			sourceTree = SOURCE_ROOT;
		};
		1F45D543075D37A200D924C3 = {
			fileRef = 1F45D541075D37A200D924C3;
			isa = PBXBuildFile;
			settings = {
				ATTRIBUTES = (
					Public,
				);
			};
		};
		1F45D544075D37A200D924C3 = {
			fileRef = 1F45D542075D37A200D924C3;
			isa = PBXBuildFile;
			settings = {
			};
		};
		1F50B9CF05AC60E200A22012 = {
			isa = PBXFileReference;
			lastKnownFileType = wrapper.framework;
			path = MPWFoundation.framework;
			refType = 3;
			sourceTree = BUILT_PRODUCTS_DIR;
		};
		1F50B9D005AC60E200A22012 = {
			fileRef = 1F50B9CF05AC60E200A22012;
			isa = PBXBuildFile;
			settings = {
			};
		};
		1F54D96507573D20007886CD = {
			fileEncoding = 4;
			isa = PBXFileReference;
			lastKnownFileType = sourcecode.c.h;
			path = MPWInterval.h;
			refType = 2;
			sourceTree = SOURCE_ROOT;
		};
		1F54D96607573D20007886CD = {
			fileEncoding = 4;
			isa = PBXFileReference;
			lastKnownFileType = sourcecode.c.objc;
			path = MPWInterval.m;
			refType = 2;
			sourceTree = SOURCE_ROOT;
		};
		1F54D96707573D20007886CD = {
			fileRef = 1F54D96507573D20007886CD;
			isa = PBXBuildFile;
			settings = {
			};
		};
		1F54D96807573D20007886CD = {
			fileRef = 1F54D96607573D20007886CD;
			isa = PBXBuildFile;
			settings = {
			};
		};
		1FD2F6CF075227AC00547D6F = {
			fileEncoding = 4;
			isa = PBXFileReference;
			lastKnownFileType = sourcecode.c.h;
			path = MPWMessage.h;
			refType = 2;
			sourceTree = SOURCE_ROOT;
		};
		1FD2F6D0075227AC00547D6F = {
			fileEncoding = 4;
			isa = PBXFileReference;
			lastKnownFileType = sourcecode.c.objc;
			path = MPWMessage.m;
			refType = 2;
			sourceTree = SOURCE_ROOT;
		};
		1FD2F6D1075227AC00547D6F = {
			fileRef = 1FD2F6CF075227AC00547D6F;
			isa = PBXBuildFile;
			settings = {
			};
		};
		1FD2F6D2075227AC00547D6F = {
			fileRef = 1FD2F6D0075227AC00547D6F;
			isa = PBXBuildFile;
			settings = {
			};
		};
		1FDEC4380819614E00225DFB = {
			fileEncoding = 4;
			isa = PBXFileReference;
			lastKnownFileType = sourcecode.c.h;
			path = MPWMethodCallBack.h;
			refType = 4;
			sourceTree = "<group>";
		};
		1FDEC4390819614E00225DFB = {
			fileEncoding = 4;
			isa = PBXFileReference;
			lastKnownFileType = sourcecode.c.objc;
			path = MPWMethodCallBack.m;
			refType = 4;
			sourceTree = "<group>";
		};
		1FDEC43A0819614E00225DFB = {
			fileRef = 1FDEC4380819614E00225DFB;
			isa = PBXBuildFile;
			settings = {
			};
		};
		1FDEC43B0819614E00225DFB = {
			fileRef = 1FDEC4390819614E00225DFB;
			isa = PBXBuildFile;
			settings = {
			};
		};
		1FF66F3307485BAF00E99237 = {
			buildActionMask = 2147483647;
			files = (
			);
			inputPaths = (
			);
			isa = PBXShellScriptBuildPhase;
			outputPaths = (
			);
			runOnlyForDeploymentPostprocessing = 0;
			shellPath = /bin/sh;
			shellScript = "#!/bin/sh\n/usr/local/bin/testlogger MPWTalk\n";
		};
		1FF6708A0748B9A300E99237 = {
			isa = PBXFileReference;
			lastKnownFileType = text.rtf;
			path = Notes.rtf;
			refType = 2;
			sourceTree = SOURCE_ROOT;
		};
		1FF6708B0748B9A300E99237 = {
			fileRef = 1FF6708A0748B9A300E99237;
			isa = PBXBuildFile;
			settings = {
			};
		};
		1FF6AC23075256C500A306C8 = {
			fileEncoding = 4;
			isa = PBXFileReference;
			lastKnownFileType = sourcecode.c.h;
			path = MPWBinding.h;
			refType = 2;
			sourceTree = SOURCE_ROOT;
		};
		1FF6AC24075256C500A306C8 = {
			fileEncoding = 4;
			isa = PBXFileReference;
			lastKnownFileType = sourcecode.c.objc;
			path = MPWBinding.m;
			refType = 2;
			sourceTree = SOURCE_ROOT;
		};
		1FF6AC25075256C500A306C8 = {
			fileRef = 1FF6AC23075256C500A306C8;
			isa = PBXBuildFile;
			settings = {
			};
		};
		1FF6AC26075256C500A306C8 = {
			fileRef = 1FF6AC24075256C500A306C8;
			isa = PBXBuildFile;
			settings = {
			};
		};
		1FF6AC690752648B00A306C8 = {
			fileEncoding = 4;
			isa = PBXFileReference;
			lastKnownFileType = sourcecode.c.h;
			path = MPWStatementList.h;
			refType = 2;
			sourceTree = SOURCE_ROOT;
		};
		1FF6AC6A0752648B00A306C8 = {
			fileEncoding = 4;
			isa = PBXFileReference;
			lastKnownFileType = sourcecode.c.objc;
			path = MPWStatementList.m;
			refType = 2;
			sourceTree = SOURCE_ROOT;
		};
		1FF6AC6B0752648B00A306C8 = {
			fileRef = 1FF6AC690752648B00A306C8;
			isa = PBXBuildFile;
			settings = {
			};
		};
		1FF6AC6C0752648B00A306C8 = {
			fileRef = 1FF6AC6A0752648B00A306C8;
			isa = PBXBuildFile;
			settings = {
			};
		};
		1FF6ACA40752977F00A306C8 = {
			fileEncoding = 4;
			isa = PBXFileReference;
			lastKnownFileType = sourcecode.c.h;
			path = MPWBlockExpression.h;
			refType = 2;
			sourceTree = SOURCE_ROOT;
		};
		1FF6ACA50752977F00A306C8 = {
			fileEncoding = 4;
			isa = PBXFileReference;
			lastKnownFileType = sourcecode.c.objc;
			path = MPWBlockExpression.m;
			refType = 2;
			sourceTree = SOURCE_ROOT;
		};
		1FF6ACA60752977F00A306C8 = {
			fileRef = 1FF6ACA40752977F00A306C8;
			isa = PBXBuildFile;
			settings = {
			};
		};
		1FF6ACA70752977F00A306C8 = {
			fileRef = 1FF6ACA50752977F00A306C8;
			isa = PBXBuildFile;
			settings = {
			};
		};
		1FF6ACB20752982900A306C8 = {
			fileEncoding = 4;
			isa = PBXFileReference;
			lastKnownFileType = sourcecode.c.h;
			path = MPWBlockContext.h;
			refType = 2;
			sourceTree = SOURCE_ROOT;
		};
		1FF6ACB30752982900A306C8 = {
			fileEncoding = 4;
			isa = PBXFileReference;
			lastKnownFileType = sourcecode.c.objc;
			path = MPWBlockContext.m;
			refType = 2;
			sourceTree = SOURCE_ROOT;
		};
		1FF6ACB40752982900A306C8 = {
			fileRef = 1FF6ACB20752982900A306C8;
			isa = PBXBuildFile;
			settings = {
			};
		};
		1FF6ACB50752982900A306C8 = {
			fileRef = 1FF6ACB30752982900A306C8;
			isa = PBXBuildFile;
			settings = {
			};
		};
//1F0
//1F1
//1F2
//1F3
//1F4
//F50
//F51
//F52
//F53
//F54
		F52FBC9F00F1ADA7015ADD82 = {
			buildSettings = {
				COPY_PHASE_STRIP = NO;
				GCC_DYNAMIC_NO_PIC = NO;
				GCC_ENABLE_FIX_AND_CONTINUE = YES;
				GCC_GENERATE_DEBUGGING_SYMBOLS = YES;
				GCC_OPTIMIZATION_LEVEL = 0;
				OPTIMIZATION_CFLAGS = "-O0";
				ZERO_LINK = YES;
			};
			isa = PBXBuildStyle;
			name = Development;
		};
		F52FBCA000F1ADA7015ADD82 = {
			buildSettings = {
				COPY_PHASE_STRIP = YES;
				DSTROOT = "@executable_path/../Frameworks/";
				GCC_ENABLE_FIX_AND_CONTINUE = NO;
				INSTALL_PATH = "@executable_path/../Frameworks/";
				ZERO_LINK = NO;
			};
			isa = PBXBuildStyle;
			name = Deployment;
		};
		F5A74ABA00F0A61B015ADD82 = {
			buildSettings = {
			};
			buildStyles = (
				F52FBC9F00F1ADA7015ADD82,
				F52FBCA000F1ADA7015ADD82,
			);
			hasScannedForEncodings = 1;
			isa = PBXProject;
			mainGroup = F5A74ABB00F0A61B015ADD82;
			productRefGroup = F5A74ACE00F0A61B015ADD82;
			projectDirPath = "";
			targets = (
				F5A74AD000F0A61B015ADD82,
			);
		};
		F5A74ABB00F0A61B015ADD82 = {
			children = (
				F5A74ABC00F0A61B015ADD82,
				F5A74AC000F0A61B015ADD82,
				F5A74AC400F0A61B015ADD82,
				F5A74ACA00F0A61B015ADD82,
				F5A74ACE00F0A61B015ADD82,
			);
			isa = PBXGroup;
			name = MPWTalk;
			refType = 4;
			sourceTree = "<group>";
		};
		F5A74ABC00F0A61B015ADD82 = {
			children = (
				1F45D542075D37A200D924C3,
				1F54D96607573D20007886CD,
				F5A74ABD00F0A61B015ADD82,
				1FF6ACB30752982900A306C8,
				1FF6ACA50752977F00A306C8,
				1FF6AC6A0752648B00A306C8,
				1FF6AC24075256C500A306C8,
				1FD2F6D0075227AC00547D6F,
				F5A74ABE00F0A61B015ADD82,
				F5A74ABF00F0A61B015ADD82,
				F5A74ADE00F0A95F015ADD82,
				F5A74AE500F0AAB8015ADD82,
				F5A74B0500F0B435015ADD82,
				1FDEC4390819614E00225DFB,
				1F1F57FB083395A000D3275A,
			);
			isa = PBXGroup;
			name = Classes;
			refType = 4;
			sourceTree = "<group>";
		};
		F5A74ABD00F0A61B015ADD82 = {
			fileEncoding = 30;
			isa = PBXFileReference;
			lastKnownFileType = sourcecode.c.objc;
			path = MPWStCompiler.m;
			refType = 4;
			sourceTree = "<group>";
		};
		F5A74ABE00F0A61B015ADD82 = {
			fileEncoding = 30;
			isa = PBXFileReference;
			lastKnownFileType = sourcecode.c.objc;
			path = MPWStScanner.m;
			refType = 4;
			sourceTree = "<group>";
		};
		F5A74ABF00F0A61B015ADD82 = {
			fileEncoding = 30;
			isa = PBXFileReference;
			lastKnownFileType = sourcecode.c.objc;
			path = MPWMessageExpression.m;
			refType = 4;
			sourceTree = "<group>";
		};
		F5A74AC000F0A61B015ADD82 = {
			children = (
				1F1F57FA083395A000D3275A,
				1F45D541075D37A200D924C3,
				1F54D96507573D20007886CD,
				1FF6ACB20752982900A306C8,
				1FF6ACA40752977F00A306C8,
				1FF6AC690752648B00A306C8,
				1FF6AC23075256C500A306C8,
				1FD2F6CF075227AC00547D6F,
				F5A74AC100F0A61B015ADD82,
				F5A74AC200F0A61B015ADD82,
				F5A74AC300F0A61B015ADD82,
				F5A74ADF00F0A95F015ADD82,
				F5A74AE600F0AAB8015ADD82,
				F5A74B0600F0B435015ADD82,
				1FDEC4380819614E00225DFB,
			);
			isa = PBXGroup;
			name = Headers;
			refType = 4;
			sourceTree = "<group>";
		};
		F5A74AC100F0A61B015ADD82 = {
			fileEncoding = 30;
			isa = PBXFileReference;
			lastKnownFileType = sourcecode.c.h;
			path = MPWStCompiler.h;
			refType = 4;
			sourceTree = "<group>";
		};
		F5A74AC200F0A61B015ADD82 = {
			fileEncoding = 30;
			isa = PBXFileReference;
			lastKnownFileType = sourcecode.c.h;
			path = MPWStScanner.h;
			refType = 4;
			sourceTree = "<group>";
		};
		F5A74AC300F0A61B015ADD82 = {
			fileEncoding = 30;
			isa = PBXFileReference;
			lastKnownFileType = sourcecode.c.h;
			path = MPWMessageExpression.h;
			refType = 4;
			sourceTree = "<group>";
		};
		F5A74AC400F0A61B015ADD82 = {
			children = (
				1FF6708A0748B9A300E99237,
				F5A74AC500F0A61B015ADD82,
				F5A74AC600F0A61B015ADD82,
				F5A74AC700F0A61B015ADD82,
				F5A74AC800F0A61B015ADD82,
				F5A74AC900F0A61B015ADD82,
			);
			isa = PBXGroup;
			name = "Supporting Files";
			refType = 4;
			sourceTree = "<group>";
		};
		F5A74AC500F0A61B015ADD82 = {
			fileEncoding = 30;
			isa = PBXFileReference;
			lastKnownFileType = text;
			path = Makefile.preamble;
			refType = 4;
			sourceTree = "<group>";
		};
		F5A74AC600F0A61B015ADD82 = {
			fileEncoding = 30;
			isa = PBXFileReference;
			lastKnownFileType = sourcecode.make;
			path = Makefile;
			refType = 4;
			sourceTree = "<group>";
		};
		F5A74AC700F0A61B015ADD82 = {
			fileEncoding = 30;
			isa = PBXFileReference;
			lastKnownFileType = text;
			path = Makefile.postamble;
			refType = 4;
			sourceTree = "<group>";
		};
		F5A74AC800F0A61B015ADD82 = {
			fileEncoding = 30;
			isa = PBXFileReference;
			lastKnownFileType = text;
			path = m.template;
			refType = 4;
			sourceTree = "<group>";
		};
		F5A74AC900F0A61B015ADD82 = {
			fileEncoding = 30;
			isa = PBXFileReference;
			lastKnownFileType = text;
			path = h.template;
			refType = 4;
			sourceTree = "<group>";
		};
		F5A74ACA00F0A61B015ADD82 = {
			children = (
				1F50B9CF05AC60E200A22012,
				F5A74ACB00F0A61B015ADD82,
			);
			isa = PBXGroup;
			name = "External Frameworks and Libraries";
			refType = 4;
			sourceTree = "<group>";
		};
		F5A74ACB00F0A61B015ADD82 = {
			isa = PBXFileReference;
			lastKnownFileType = wrapper.framework;
			name = Foundation.framework;
			path = /System/Library/Frameworks/Foundation.framework;
			refType = 0;
			sourceTree = "<absolute>";
		};
		F5A74ACE00F0A61B015ADD82 = {
			children = (
				F5A74ACF00F0A61B015ADD82,
			);
			isa = PBXGroup;
			name = Products;
			refType = 4;
			sourceTree = "<group>";
		};
		F5A74ACF00F0A61B015ADD82 = {
			explicitFileType = wrapper.framework;
			isa = PBXFileReference;
			path = MPWTalk.framework;
			refType = 3;
			sourceTree = BUILT_PRODUCTS_DIR;
		};
		F5A74AD000F0A61B015ADD82 = {
			buildPhases = (
				F5A74AD100F0A61B015ADD82,
				F5A74AD500F0A61B015ADD82,
				F5A74AD600F0A61B015ADD82,
				F5A74ADA00F0A61B015ADD82,
				F5A74ADD00F0A61B015ADD82,
				1FF66F3307485BAF00E99237,
			);
			buildSettings = {
				DYLIB_COMPATIBILITY_VERSION = 1;
				DYLIB_CURRENT_VERSION = 1;
				FRAMEWORK_SEARCH_PATHS = "\"$(LOCAL_LIBRARY_DIR)/Frameworks\"";
				FRAMEWORK_VERSION = A;
				INSTALL_PATH = "@executable_path/../Frameworks/";
				OPTIMIZATION_CFLAGS = "-O2";
				OTHER_CFLAGS = "";
				OTHER_LDFLAGS = "";
				OTHER_LIBTOOL_FLAGS = "";
				OTHER_REZFLAGS = "";
				PRINCIPAL_CLASS = "";
				PRODUCT_NAME = MPWTalk;
				SECTORDER_FLAGS = "";
				WARNING_CFLAGS = "-Wmost -Wno-four-char-constants -Wno-unknown-pragmas";
				WRAPPER_EXTENSION = framework;
			};
			dependencies = (
			);
			isa = PBXFrameworkTarget;
			name = "MPWTalk (Framework)";
			productInstallPath = "@executable_path/../Frameworks/";
			productName = "MPWTalk (Framework)";
			productReference = F5A74ACF00F0A61B015ADD82;
			productSettingsXML = "<?xml version=\"1.0\" encoding=\"UTF-8\"?>
<!DOCTYPE plist PUBLIC \"-//Apple Computer//DTD PLIST 1.0//EN\" \"http://www.apple.com/DTDs/PropertyList-1.0.dtd\">
<plist version=\"1.0\">
<dict>
	<key>CFBundleDevelopmentRegion</key>
	<string>English</string>
	<key>CFBundleExecutable</key>
	<string>MPWTalk</string>
	<key>CFBundleGetInfoString</key>
	<string></string>
	<key>CFBundleIconFile</key>
	<string></string>
	<key>CFBundleIdentifier</key>
	<string></string>
	<key>CFBundleInfoDictionaryVersion</key>
	<string>6.0</string>
	<key>CFBundleName</key>
	<string></string>
	<key>CFBundlePackageType</key>
	<string>FMWK</string>
	<key>CFBundleShortVersionString</key>
	<string></string>
	<key>CFBundleSignature</key>
	<string>????</string>
	<key>CFBundleVersion</key>
	<string>0.0.1d1</string>
</dict>
</plist>
";
		};
		F5A74AD100F0A61B015ADD82 = {
			buildActionMask = 2147483647;
			files = (
				F5A74AD200F0A61B015ADD82,
				F5A74AD300F0A61B015ADD82,
				F5A74AD400F0A61B015ADD82,
				F5A74AE000F0A95F015ADD82,
				F5A74AE700F0AAB8015ADD82,
				F5A74B0700F0B435015ADD82,
				1FD2F6D1075227AC00547D6F,
				1FF6AC25075256C500A306C8,
				1FF6AC6B0752648B00A306C8,
				1FF6ACA60752977F00A306C8,
				1FF6ACB40752982900A306C8,
				1F54D96707573D20007886CD,
				1F45D543075D37A200D924C3,
				1FDEC43A0819614E00225DFB,
				1F1F57FC083395A000D3275A,
			);
			isa = PBXHeadersBuildPhase;
			runOnlyForDeploymentPostprocessing = 0;
		};
		F5A74AD200F0A61B015ADD82 = {
			fileRef = F5A74AC100F0A61B015ADD82;
			isa = PBXBuildFile;
			settings = {
				ATTRIBUTES = (
					Public,
					Project,
				);
			};
		};
		F5A74AD300F0A61B015ADD82 = {
			fileRef = F5A74AC200F0A61B015ADD82;
			isa = PBXBuildFile;
			settings = {
			};
		};
		F5A74AD400F0A61B015ADD82 = {
			fileRef = F5A74AC300F0A61B015ADD82;
			isa = PBXBuildFile;
			settings = {
			};
		};
		F5A74AD500F0A61B015ADD82 = {
			buildActionMask = 2147483647;
			files = (
				1FF6708B0748B9A300E99237,
			);
			isa = PBXResourcesBuildPhase;
			runOnlyForDeploymentPostprocessing = 0;
		};
		F5A74AD600F0A61B015ADD82 = {
			buildActionMask = 2147483647;
			files = (
				F5A74AD700F0A61B015ADD82,
				F5A74AD800F0A61B015ADD82,
				F5A74AD900F0A61B015ADD82,
				F5A74AE100F0A95F015ADD82,
				F5A74AE800F0AAB8015ADD82,
				F5A74B0800F0B435015ADD82,
				1FD2F6D2075227AC00547D6F,
				1FF6AC26075256C500A306C8,
				1FF6AC6C0752648B00A306C8,
				1FF6ACA70752977F00A306C8,
				1FF6ACB50752982900A306C8,
				1F54D96807573D20007886CD,
				1F45D544075D37A200D924C3,
				1FDEC43B0819614E00225DFB,
				1F1F57FD083395A000D3275A,
			);
			isa = PBXSourcesBuildPhase;
			runOnlyForDeploymentPostprocessing = 0;
		};
		F5A74AD700F0A61B015ADD82 = {
			fileRef = F5A74ABD00F0A61B015ADD82;
			isa = PBXBuildFile;
			settings = {
				ATTRIBUTES = (
				);
			};
		};
		F5A74AD800F0A61B015ADD82 = {
			fileRef = F5A74ABE00F0A61B015ADD82;
			isa = PBXBuildFile;
			settings = {
				ATTRIBUTES = (
				);
			};
		};
		F5A74AD900F0A61B015ADD82 = {
			fileRef = F5A74ABF00F0A61B015ADD82;
			isa = PBXBuildFile;
			settings = {
				ATTRIBUTES = (
				);
			};
		};
		F5A74ADA00F0A61B015ADD82 = {
			buildActionMask = 2147483647;
			files = (
				F5A74ADB00F0A61B015ADD82,
				1F50B9D005AC60E200A22012,
			);
			isa = PBXFrameworksBuildPhase;
			runOnlyForDeploymentPostprocessing = 0;
		};
		F5A74ADB00F0A61B015ADD82 = {
			fileRef = F5A74ACB00F0A61B015ADD82;
			isa = PBXBuildFile;
			settings = {
			};
		};
		F5A74ADD00F0A61B015ADD82 = {
			buildActionMask = 2147483647;
			files = (
			);
			isa = PBXRezBuildPhase;
			runOnlyForDeploymentPostprocessing = 0;
		};
		F5A74ADE00F0A95F015ADD82 = {
			fileEncoding = 30;
			isa = PBXFileReference;
			lastKnownFileType = sourcecode.c.objc;
			path = MPWAssignmentExpression.m;
			refType = 4;
			sourceTree = "<group>";
		};
		F5A74ADF00F0A95F015ADD82 = {
			fileEncoding = 30;
			isa = PBXFileReference;
			lastKnownFileType = sourcecode.c.h;
			path = MPWAssignmentExpression.h;
			refType = 4;
			sourceTree = "<group>";
		};
		F5A74AE000F0A95F015ADD82 = {
			fileRef = F5A74ADF00F0A95F015ADD82;
			isa = PBXBuildFile;
			settings = {
			};
		};
		F5A74AE100F0A95F015ADD82 = {
			fileRef = F5A74ADE00F0A95F015ADD82;
			isa = PBXBuildFile;
			settings = {
			};
		};
		F5A74AE500F0AAB8015ADD82 = {
			fileEncoding = 30;
			isa = PBXFileReference;
			lastKnownFileType = sourcecode.c.objc;
			path = MPWExpression.m;
			refType = 4;
			sourceTree = "<group>";
		};
		F5A74AE600F0AAB8015ADD82 = {
			fileEncoding = 30;
			isa = PBXFileReference;
			lastKnownFileType = sourcecode.c.h;
			path = MPWExpression.h;
			refType = 4;
			sourceTree = "<group>";
		};
		F5A74AE700F0AAB8015ADD82 = {
			fileRef = F5A74AE600F0AAB8015ADD82;
			isa = PBXBuildFile;
			settings = {
				ATTRIBUTES = (
					Public,
				);
			};
		};
		F5A74AE800F0AAB8015ADD82 = {
			fileRef = F5A74AE500F0AAB8015ADD82;
			isa = PBXBuildFile;
			settings = {
			};
		};
		F5A74B0500F0B435015ADD82 = {
			fileEncoding = 30;
			isa = PBXFileReference;
			lastKnownFileType = sourcecode.c.objc;
			path = MPWVariableExpression.m;
			refType = 4;
			sourceTree = "<group>";
		};
		F5A74B0600F0B435015ADD82 = {
			fileEncoding = 30;
			isa = PBXFileReference;
			lastKnownFileType = sourcecode.c.h;
			path = MPWVariableExpression.h;
			refType = 4;
			sourceTree = "<group>";
		};
		F5A74B0700F0B435015ADD82 = {
			fileRef = F5A74B0600F0B435015ADD82;
			isa = PBXBuildFile;
			settings = {
			};
		};
		F5A74B0800F0B435015ADD82 = {
			fileRef = F5A74B0500F0B435015ADD82;
			isa = PBXBuildFile;
			settings = {
			};
		};
	};
	rootObject = F5A74ABA00F0A61B015ADD82;
}
